
Microsoft Visual Studio Solution File, Format Version 12.00
# Visual Studio 15
Project("{FAE04EC0-301F-11D3-BF4B-00C04F79EFBC}") = "Assembly-CSharp", "Assembly-CSharp.csproj", "{44BADF20-D9AE-FF0D-5DE1-E76AD488F8A2}"
EndProject
Project("{FAE04EC0-301F-11D3-BF4B-00C04F79EFBC}") = "Assembly-CSharp-firstpass", "Assembly-CSharp-firstpass.csproj", "{342D0AE5-CE76-F27D-02A8-1EAEB5C65D17}"
EndProject
Project("{FAE04EC0-301F-11D3-BF4B-00C04F79EFBC}") = "Assembly-CSharp-Editor-firstpass", "Assembly-CSharp-Editor-firstpass.csproj", "{9DFA7477-AA63-C1A0-09B7-03D1839090CF}"
EndProject
Global
	GlobalSection(SolutionConfigurationPlatforms) = preSolution
		Debug|Any CPU = Debug|Any CPU
		Release|Any CPU = Release|Any CPU
	EndGlobalSection
	GlobalSection(ProjectConfigurationPlatforms) = postSolution
		{44BADF20-D9AE-FF0D-5DE1-E76AD488F8A2}.Debug|Any CPU.ActiveCfg = Debug|Any CPU
		{44BADF20-D9AE-FF0D-5DE1-E76AD488F8A2}.Debug|Any CPU.Build.0 = Debug|Any CPU
		{44BADF20-D9AE-FF0D-5DE1-E76AD488F8A2}.Release|Any CPU.ActiveCfg = Release|Any CPU
		{44BADF20-D9AE-FF0D-5DE1-E76AD488F8A2}.Release|Any CPU.Build.0 = Release|Any CPU
		{342D0AE5-CE76-F27D-02A8-1EAEB5C65D17}.Debug|Any CPU.ActiveCfg = Debug|Any CPU
		{342D0AE5-CE76-F27D-02A8-1EAEB5C65D17}.Debug|Any CPU.Build.0 = Debug|Any CPU
		{342D0AE5-CE76-F27D-02A8-1EAEB5C65D17}.Release|Any CPU.ActiveCfg = Release|Any CPU
		{342D0AE5-CE76-F27D-02A8-1EAEB5C65D17}.Release|Any CPU.Build.0 = Release|Any CPU
		{9DFA7477-AA63-C1A0-09B7-03D1839090CF}.Debug|Any CPU.ActiveCfg = Debug|Any CPU
		{9DFA7477-AA63-C1A0-09B7-03D1839090CF}.Debug|Any CPU.Build.0 = Debug|Any CPU
		{9DFA7477-AA63-C1A0-09B7-03D1839090CF}.Release|Any CPU.ActiveCfg = Release|Any CPU
		{9DFA7477-AA63-C1A0-09B7-03D1839090CF}.Release|Any CPU.Build.0 = Release|Any CPU
	EndGlobalSection
	GlobalSection(SolutionProperties) = preSolution
		HideSolutionNode = FALSE
	EndGlobalSection
EndGlobal
