
Microsoft Visual Studio Solution File, Format Version 12.00
# Visual Studio 15
Project("{FAE04EC0-301F-11D3-BF4B-00C04F79EFBC}") = "Assembly-CSharp", "Assembly-CSharp.csproj", "{5DDD35D0-A87E-1347-7708-76576218FEC4}"
EndProject
Project("{FAE04EC0-301F-11D3-BF4B-00C04F79EFBC}") = "Assembly-CSharp-firstpass", "Assembly-CSharp-firstpass.csproj", "{A7637CEA-A693-200B-DC27-8232930D7F36}"
EndProject
Project("{FAE04EC0-301F-11D3-BF4B-00C04F79EFBC}") = "Assembly-CSharp-Editor-firstpass", "Assembly-CSharp-Editor-firstpass.csproj", "{2B913C7B-3955-4954-62BF-F68941F0E0AB}"
EndProject
Global
	GlobalSection(SolutionConfigurationPlatforms) = preSolution
		Debug|Any CPU = Debug|Any CPU
		Release|Any CPU = Release|Any CPU
	EndGlobalSection
	GlobalSection(ProjectConfigurationPlatforms) = postSolution
		{5DDD35D0-A87E-1347-7708-76576218FEC4}.Debug|Any CPU.ActiveCfg = Debug|Any CPU
		{5DDD35D0-A87E-1347-7708-76576218FEC4}.Debug|Any CPU.Build.0 = Debug|Any CPU
		{5DDD35D0-A87E-1347-7708-76576218FEC4}.Release|Any CPU.ActiveCfg = Release|Any CPU
		{5DDD35D0-A87E-1347-7708-76576218FEC4}.Release|Any CPU.Build.0 = Release|Any CPU
		{A7637CEA-A693-200B-DC27-8232930D7F36}.Debug|Any CPU.ActiveCfg = Debug|Any CPU
		{A7637CEA-A693-200B-DC27-8232930D7F36}.Debug|Any CPU.Build.0 = Debug|Any CPU
		{A7637CEA-A693-200B-DC27-8232930D7F36}.Release|Any CPU.ActiveCfg = Release|Any CPU
		{A7637CEA-A693-200B-DC27-8232930D7F36}.Release|Any CPU.Build.0 = Release|Any CPU
		{2B913C7B-3955-4954-62BF-F68941F0E0AB}.Debug|Any CPU.ActiveCfg = Debug|Any CPU
		{2B913C7B-3955-4954-62BF-F68941F0E0AB}.Debug|Any CPU.Build.0 = Debug|Any CPU
		{2B913C7B-3955-4954-62BF-F68941F0E0AB}.Release|Any CPU.ActiveCfg = Release|Any CPU
		{2B913C7B-3955-4954-62BF-F68941F0E0AB}.Release|Any CPU.Build.0 = Release|Any CPU
	EndGlobalSection
	GlobalSection(SolutionProperties) = preSolution
		HideSolutionNode = FALSE
	EndGlobalSection
EndGlobal
